<Solution>
  <Folder Name="/c#/" />
  <Folder Name="/c#/bestTimeToBuyAndSellStockII/">
    <Project Path="c#/bestTimeToBuyAndSellStockII/app.csproj" />
  </Folder>
  <Folder Name="/c#/Candy/">
    <Project Path="c#/Candy/app.csproj" />
  </Folder>
  <Folder Name="/c#/GasStation/">
    <Project Path="c#/GasStation/app.csproj" />
  </Folder>
  <Folder Name="/c#/insert-delete-get-random-O(1)/">
    <Project Path="c#/insert-delete-get-random-O(1)/app.csproj" />
  </Folder>
  <Folder Name="/c#/IntegerToRoman/">
    <Project Path="c#/IntegerToRoman/app.csproj" />
  </Folder>
  <Folder Name="/c#/JumpGame/">
    <Project Path="c#/JumpGame/app.csproj" />
  </Folder>
  <Folder Name="/c#/JumpGameII/">
    <Project Path="c#/JumpGameII/app.csproj" />
  </Folder>
  <Folder Name="/c#/ProductOfArrayExceptSelf/">
    <Project Path="c#/ProductOfArrayExceptSelf/app.csproj" />
  </Folder>
  <Folder Name="/c#/RomanToInteger/">
    <Project Path="c#/RomanToInteger/app.csproj" />
  </Folder>
  <Folder Name="/c#/TrappingRainWater/">
    <Project Path="c#/TrappingRainWater/app.csproj" />
  </Folder>
</Solution>
