<Solution>
  <Folder Name="/c#/" />
  <Folder Name="/c#/bestTimeToBuyAndSellStockII/">
    <Project Path="c#/bestTimeToBuyAndSellStockII/app.csproj" />
  </Folder>
  <Folder Name="/c#/Candy/">
    <Project Path="c#/Candy/app.csproj" />
  </Folder>
  <Folder Name="/c#/ContainerWithMostWater/">
    <Project Path="c#/ContainerWithMostWater/app.csproj" />
  </Folder>
  <Folder Name="/c#/FullJustify/">
    <Project Path="c#/FullJustify/app.csproj" />
  </Folder>
  <Folder Name="/c#/GasStation/">
    <Project Path="c#/GasStation/app.csproj" />
  </Folder>
  <Folder Name="/c#/IndexOfFirstOccurenceInAString/">
    <Project Path="c#/IndexOfFirstOccurenceInAString/app.csproj" />
  </Folder>
  <Folder Name="/c#/insert-delete-get-random-O(1)/">
    <Project Path="c#/insert-delete-get-random-O(1)/app.csproj" />
  </Folder>
  <Folder Name="/c#/IntegerToRoman/">
    <Project Path="c#/IntegerToRoman/app.csproj" />
  </Folder>
  <Folder Name="/c#/JumpGame/">
    <Project Path="c#/JumpGame/app.csproj" />
  </Folder>
  <Folder Name="/c#/JumpGameII/">
    <Project Path="c#/JumpGameII/app.csproj" />
  </Folder>
  <Folder Name="/c#/LastWord/">
    <Project Path="c#/LastWord/app.csproj" />
  </Folder>
  <Folder Name="/c#/LongestCommonPrefix/">
    <Project Path="c#/LongestCommonPrefix/app.csproj" />
  </Folder>
  <Folder Name="/c#/LongestSubstringWithoutRepeatingCharacter/">
    <Project Path="c#/LongestSubstringWithoutRepeatingCharacter/app.csproj" />
  </Folder>
  <Folder Name="/c#/MinimumSizeSubarraySum/">
    <Project Path="c#/MinimumSizeSubarraySum/app.csproj" />
  </Folder>
  <Folder Name="/c#/MinimumWindowSubstring/">
    <Project Path="c#/MinimumWindowSubstring/app.csproj" />
  </Folder>
  <Folder Name="/c#/ProductOfArrayExceptSelf/">
    <Project Path="c#/ProductOfArrayExceptSelf/app.csproj" />
  </Folder>
  <Folder Name="/c#/ReverseWordsInAString/">
    <Project Path="c#/ReverseWordsInAString/app.csproj" />
  </Folder>
  <Folder Name="/c#/RomanToInteger/">
    <Project Path="c#/RomanToInteger/app.csproj" />
  </Folder>
  <Folder Name="/c#/Subsequence/">
    <Project Path="c#/Subsequence/app.csproj" />
  </Folder>
  <Folder Name="/c#/SubstringWithConcatenationOfAllWords/">
    <Project Path="c#/SubstringWithConcatenationOfAllWords/app.csproj" />
  </Folder>
  <Folder Name="/c#/ThreeSum/">
    <Project Path="c#/ThreeSum/app.csproj" />
  </Folder>
  <Folder Name="/c#/TrappingRainWater/">
    <Project Path="c#/TrappingRainWater/app.csproj" />
  </Folder>
  <Folder Name="/c#/TwoSumTwo/">
    <Project Path="c#/TwoSumTwo/app.csproj" />
  </Folder>
  <Folder Name="/c#/ValidPalindrome/">
    <Project Path="c#/ValidPalindrome/app.csproj" />
  </Folder>
  <Folder Name="/c#/ValidSudoku/">
    <Project Path="c#/ValidSudoku/app.csproj" />
  </Folder>
  <Folder Name="/c#/ZigzagConversion/">
    <Project Path="c#/ZigzagConversion/app.csproj" />
  </Folder>
</Solution>
